{
  "name": "szkolenie",
  "version": "1.0.0",
  "lockfileVersion": 3,
  "requires": true,
  "packages": {
    "": {
      "name": "szkolenie",
      "version": "1.0.0",
      "license": "ISC",
      "devDependencies": {
        "@eslint/js": "^9.28.0",
        "@playwright/test": "^1.60.0",
        "@types/node": "^25.9.1",
        "dotenv": "^16.5.0",
        "eslint": "^9.28.0",
        "eslint-config-prettier": "^10.1.5",
        "eslint-plugin-playwright": "^2.2.0",
        "prettier": "^3.5.3",
        "typescript": "^5.8.3",
        "typescript-eslint": "^8.33.1"
      }
    }
  }
}
